// !$*UTF8*$!
{
	archiveVersion = 1;
	classes = {
	};
	objectVersion = 52;
	objects = {

/* Begin PBXBuildFile section */
		919614C023D137910069AE94 /* AppDelegate.swift in Sources */ = {isa = PBXBuildFile; fileRef = 9196149A23D137900069AE94 /* AppDelegate.swift */; };
		919614C123D137910069AE94 /* Main.strings in Resources */ = {isa = PBXBuildFile; fileRef = 9196149C23D137900069AE94 /* Main.strings */; };
		919614C223D137910069AE94 /* Main.storyboard in Resources */ = {isa = PBXBuildFile; fileRef = 9196149F23D137900069AE94 /* Main.storyboard */; };
		919614C323D137910069AE94 /* Assets.xcassets in Resources */ = {isa = PBXBuildFile; fileRef = 919614A123D137900069AE94 /* Assets.xcassets */; };
		919614C623D137910069AE94 /* ViewController.swift in Sources */ = {isa = PBXBuildFile; fileRef = 919614A623D137910069AE94 /* ViewController.swift */; };
		919614C723D137910069AE94 /* HelpViewController.swift in Sources */ = {isa = PBXBuildFile; fileRef = 919614A723D137910069AE94 /* HelpViewController.swift */; };
		919614C823D137910069AE94 /* SplitViewController.swift in Sources */ = {isa = PBXBuildFile; fileRef = 919614A823D137910069AE94 /* SplitViewController.swift */; };
		919614C923D137910069AE94 /* MeterViewController.swift in Sources */ = {isa = PBXBuildFile; fileRef = 919614A923D137910069AE94 /* MeterViewController.swift */; };
		919614CA23D137910069AE94 /* Keychain.swift in Sources */ = {isa = PBXBuildFile; fileRef = 919614AC23D137910069AE94 /* Keychain.swift */; };
		919614CB23D137910069AE94 /* JWTDecode.swift in Sources */ = {isa = PBXBuildFile; fileRef = 919614AE23D137910069AE94 /* JWTDecode.swift */; };
		919614CC23D137910069AE94 /* JWT.swift in Sources */ = {isa = PBXBuildFile; fileRef = 919614AF23D137910069AE94 /* JWT.swift */; };
		919614CD23D137910069AE94 /* Errors.swift in Sources */ = {isa = PBXBuildFile; fileRef = 919614B023D137910069AE94 /* Errors.swift */; };
		919614CE23D137910069AE94 /* DictionaryExtensions.swift in Sources */ = {isa = PBXBuildFile; fileRef = 919614B223D137910069AE94 /* DictionaryExtensions.swift */; };
		919614CF23D137910069AE94 /* DataExtensions.swift in Sources */ = {isa = PBXBuildFile; fileRef = 919614B323D137910069AE94 /* DataExtensions.swift */; };
		919614D023D137910069AE94 /* StringExtensions.swift in Sources */ = {isa = PBXBuildFile; fileRef = 919614B423D137910069AE94 /* StringExtensions.swift */; };
		919614D123D137910069AE94 /* URLSessionExtensions.swift in Sources */ = {isa = PBXBuildFile; fileRef = 919614B523D137910069AE94 /* URLSessionExtensions.swift */; };
		919614D223D137910069AE94 /* Auth0ViewController.swift in Sources */ = {isa = PBXBuildFile; fileRef = 919614B723D137910069AE94 /* Auth0ViewController.swift */; };
		919614D323D137910069AE94 /* WANRadioPickerViewController.swift in Sources */ = {isa = PBXBuildFile; fileRef = 919614B823D137910069AE94 /* WANRadioPickerViewController.swift */; };
		919614D423D137910069AE94 /* LANRadioPickerViewController.swift in Sources */ = {isa = PBXBuildFile; fileRef = 919614B923D137910069AE94 /* LANRadioPickerViewController.swift */; };
		919614D523D137910069AE94 /* Macros.swift in Sources */ = {isa = PBXBuildFile; fileRef = 919614BB23D137910069AE94 /* Macros.swift */; };
		919614D623D137910069AE94 /* Defaults.plist in Resources */ = {isa = PBXBuildFile; fileRef = 919614BC23D137910069AE94 /* Defaults.plist */; };
		919614D723D137910069AE94 /* AppExtensions.swift in Sources */ = {isa = PBXBuildFile; fileRef = 919614BD23D137910069AE94 /* AppExtensions.swift */; };
		919614D823D137910069AE94 /* xAPITester.pdf in Resources */ = {isa = PBXBuildFile; fileRef = 919614BF23D137910069AE94 /* xAPITester.pdf */; };
		919614DB23D137FE0069AE94 /* ChangeLog.txt in Resources */ = {isa = PBXBuildFile; fileRef = 919614D923D137FE0069AE94 /* ChangeLog.txt */; };
		919614DC23D137FE0069AE94 /* README.md in Resources */ = {isa = PBXBuildFile; fileRef = 919614DA23D137FE0069AE94 /* README.md */; };
		919614EA23D1382A0069AE94 /* xLib6000 in Frameworks */ = {isa = PBXBuildFile; productRef = 919614E923D1382A0069AE94 /* xLib6000 */; };
		919614EE23D140C60069AE94 /* SwiftyUserDefaults in Frameworks */ = {isa = PBXBuildFile; productRef = 919614ED23D140C60069AE94 /* SwiftyUserDefaults */; };
		919614F123D144BC0069AE94 /* ObjcExceptionBridging in Frameworks */ = {isa = PBXBuildFile; productRef = 919614F023D144BC0069AE94 /* ObjcExceptionBridging */; };
		919614F323D144BC0069AE94 /* XCGLogger in Frameworks */ = {isa = PBXBuildFile; productRef = 919614F223D144BC0069AE94 /* XCGLogger */; };
/* End PBXBuildFile section */

/* Begin PBXFileReference section */
		9196148623D1372D0069AE94 /* xAPITester.app */ = {isa = PBXFileReference; explicitFileType = wrapper.application; includeInIndex = 0; path = xAPITester.app; sourceTree = BUILT_PRODUCTS_DIR; };
		9196149923D137900069AE94 /* xAPITester-Bridging-Header.h */ = {isa = PBXFileReference; lastKnownFileType = sourcecode.c.h; path = "xAPITester-Bridging-Header.h"; sourceTree = "<group>"; };
		9196149A23D137900069AE94 /* AppDelegate.swift */ = {isa = PBXFileReference; fileEncoding = 4; lastKnownFileType = sourcecode.swift; path = AppDelegate.swift; sourceTree = "<group>"; };
		9196149D23D137900069AE94 /* en */ = {isa = PBXFileReference; lastKnownFileType = text.plist.strings; name = en; path = Main.strings; sourceTree = "<group>"; };
		919614A023D137900069AE94 /* Base */ = {isa = PBXFileReference; lastKnownFileType = file.storyboard; name = Base; path = Main.storyboard; sourceTree = "<group>"; };
		919614A123D137900069AE94 /* Assets.xcassets */ = {isa = PBXFileReference; lastKnownFileType = folder.assetcatalog; path = Assets.xcassets; sourceTree = "<group>"; };
		919614A223D137900069AE94 /* Info.plist */ = {isa = PBXFileReference; fileEncoding = 4; lastKnownFileType = text.plist.xml; path = Info.plist; sourceTree = "<group>"; };
		919614A623D137910069AE94 /* ViewController.swift */ = {isa = PBXFileReference; fileEncoding = 4; lastKnownFileType = sourcecode.swift; path = ViewController.swift; sourceTree = "<group>"; };
		919614A723D137910069AE94 /* HelpViewController.swift */ = {isa = PBXFileReference; fileEncoding = 4; lastKnownFileType = sourcecode.swift; path = HelpViewController.swift; sourceTree = "<group>"; };
		919614A823D137910069AE94 /* SplitViewController.swift */ = {isa = PBXFileReference; fileEncoding = 4; lastKnownFileType = sourcecode.swift; path = SplitViewController.swift; sourceTree = "<group>"; };
		919614A923D137910069AE94 /* MeterViewController.swift */ = {isa = PBXFileReference; fileEncoding = 4; lastKnownFileType = sourcecode.swift; path = MeterViewController.swift; sourceTree = "<group>"; };
		919614AC23D137910069AE94 /* Keychain.swift */ = {isa = PBXFileReference; fileEncoding = 4; lastKnownFileType = sourcecode.swift; path = Keychain.swift; sourceTree = "<group>"; };
		919614AE23D137910069AE94 /* JWTDecode.swift */ = {isa = PBXFileReference; fileEncoding = 4; lastKnownFileType = sourcecode.swift; path = JWTDecode.swift; sourceTree = "<group>"; };
		919614AF23D137910069AE94 /* JWT.swift */ = {isa = PBXFileReference; fileEncoding = 4; lastKnownFileType = sourcecode.swift; path = JWT.swift; sourceTree = "<group>"; };
		919614B023D137910069AE94 /* Errors.swift */ = {isa = PBXFileReference; fileEncoding = 4; lastKnownFileType = sourcecode.swift; path = Errors.swift; sourceTree = "<group>"; };
		919614B223D137910069AE94 /* DictionaryExtensions.swift */ = {isa = PBXFileReference; fileEncoding = 4; lastKnownFileType = sourcecode.swift; path = DictionaryExtensions.swift; sourceTree = "<group>"; };
		919614B323D137910069AE94 /* DataExtensions.swift */ = {isa = PBXFileReference; fileEncoding = 4; lastKnownFileType = sourcecode.swift; path = DataExtensions.swift; sourceTree = "<group>"; };
		919614B423D137910069AE94 /* StringExtensions.swift */ = {isa = PBXFileReference; fileEncoding = 4; lastKnownFileType = sourcecode.swift; path = StringExtensions.swift; sourceTree = "<group>"; };
		919614B523D137910069AE94 /* URLSessionExtensions.swift */ = {isa = PBXFileReference; fileEncoding = 4; lastKnownFileType = sourcecode.swift; path = URLSessionExtensions.swift; sourceTree = "<group>"; };
		919614B723D137910069AE94 /* Auth0ViewController.swift */ = {isa = PBXFileReference; fileEncoding = 4; lastKnownFileType = sourcecode.swift; path = Auth0ViewController.swift; sourceTree = "<group>"; };
		919614B823D137910069AE94 /* WANRadioPickerViewController.swift */ = {isa = PBXFileReference; fileEncoding = 4; lastKnownFileType = sourcecode.swift; path = WANRadioPickerViewController.swift; sourceTree = "<group>"; };
		919614B923D137910069AE94 /* LANRadioPickerViewController.swift */ = {isa = PBXFileReference; fileEncoding = 4; lastKnownFileType = sourcecode.swift; path = LANRadioPickerViewController.swift; sourceTree = "<group>"; };
		919614BB23D137910069AE94 /* Macros.swift */ = {isa = PBXFileReference; fileEncoding = 4; lastKnownFileType = sourcecode.swift; path = Macros.swift; sourceTree = "<group>"; };
		919614BC23D137910069AE94 /* Defaults.plist */ = {isa = PBXFileReference; fileEncoding = 4; lastKnownFileType = text.plist.xml; path = Defaults.plist; sourceTree = "<group>"; };
		919614BD23D137910069AE94 /* AppExtensions.swift */ = {isa = PBXFileReference; fileEncoding = 4; lastKnownFileType = sourcecode.swift; path = AppExtensions.swift; sourceTree = "<group>"; };
		919614BF23D137910069AE94 /* xAPITester.pdf */ = {isa = PBXFileReference; lastKnownFileType = image.pdf; path = xAPITester.pdf; sourceTree = "<group>"; };
		919614D923D137FE0069AE94 /* ChangeLog.txt */ = {isa = PBXFileReference; fileEncoding = 4; lastKnownFileType = text; path = ChangeLog.txt; sourceTree = "<group>"; };
		919614DA23D137FE0069AE94 /* README.md */ = {isa = PBXFileReference; fileEncoding = 4; lastKnownFileType = net.daringfireball.markdown; path = README.md; sourceTree = "<group>"; };
		919614EB23D1392F0069AE94 /* xAPITester.entitlements */ = {isa = PBXFileReference; fileEncoding = 4; lastKnownFileType = text.plist.entitlements; path = xAPITester.entitlements; sourceTree = "<group>"; };
/* End PBXFileReference section */

/* Begin PBXFrameworksBuildPhase section */
		9196148323D1372D0069AE94 /* Frameworks */ = {
			isa = PBXFrameworksBuildPhase;
			buildActionMask = 2147483647;
			files = (
				919614EA23D1382A0069AE94 /* xLib6000 in Frameworks */,
				919614F123D144BC0069AE94 /* ObjcExceptionBridging in Frameworks */,
				919614EE23D140C60069AE94 /* SwiftyUserDefaults in Frameworks */,
				919614F323D144BC0069AE94 /* XCGLogger in Frameworks */,
			);
			runOnlyForDeploymentPostprocessing = 0;
		};
/* End PBXFrameworksBuildPhase section */

/* Begin PBXGroup section */
		9196147D23D1372D0069AE94 = {
			isa = PBXGroup;
			children = (
				9196148823D1372D0069AE94 /* xAPITester */,
				9196148723D1372D0069AE94 /* Products */,
				919614DD23D138150069AE94 /* Frameworks */,
			);
			sourceTree = "<group>";
		};
		9196148723D1372D0069AE94 /* Products */ = {
			isa = PBXGroup;
			children = (
				9196148623D1372D0069AE94 /* xAPITester.app */,
			);
			name = Products;
			sourceTree = "<group>";
		};
		9196148823D1372D0069AE94 /* xAPITester */ = {
			isa = PBXGroup;
			children = (
				919614EB23D1392F0069AE94 /* xAPITester.entitlements */,
				919614D923D137FE0069AE94 /* ChangeLog.txt */,
				919614DA23D137FE0069AE94 /* README.md */,
				9196149A23D137900069AE94 /* AppDelegate.swift */,
				919614BD23D137910069AE94 /* AppExtensions.swift */,
				919614A123D137900069AE94 /* Assets.xcassets */,
				9196149E23D137900069AE94 /* Base.lproj */,
				919614AA23D137910069AE94 /* CommonClientCode */,
				919614BC23D137910069AE94 /* Defaults.plist */,
				919614BE23D137910069AE94 /* Documentation */,
				9196149B23D137900069AE94 /* en.lproj */,
				919614A223D137900069AE94 /* Info.plist */,
				919614A523D137910069AE94 /* ViewControllers */,
				9196149923D137900069AE94 /* xAPITester-Bridging-Header.h */,
			);
			path = xAPITester;
			sourceTree = "<group>";
		};
		9196149B23D137900069AE94 /* en.lproj */ = {
			isa = PBXGroup;
			children = (
				9196149C23D137900069AE94 /* Main.strings */,
			);
			path = en.lproj;
			sourceTree = "<group>";
		};
		9196149E23D137900069AE94 /* Base.lproj */ = {
			isa = PBXGroup;
			children = (
				9196149F23D137900069AE94 /* Main.storyboard */,
			);
			name = Base.lproj;
			path = "../../xAPITester old/xAPITester/Base.lproj";
			sourceTree = "<group>";
		};
		919614A523D137910069AE94 /* ViewControllers */ = {
			isa = PBXGroup;
			children = (
				919614A623D137910069AE94 /* ViewController.swift */,
				919614A723D137910069AE94 /* HelpViewController.swift */,
				919614A823D137910069AE94 /* SplitViewController.swift */,
				919614A923D137910069AE94 /* MeterViewController.swift */,
			);
			path = ViewControllers;
			sourceTree = "<group>";
		};
		919614AA23D137910069AE94 /* CommonClientCode */ = {
			isa = PBXGroup;
			children = (
				919614AB23D137910069AE94 /* Misc */,
				919614B123D137910069AE94 /* Extensions */,
				919614B623D137910069AE94 /* RadioPicker */,
				919614BA23D137910069AE94 /* Macros */,
			);
			path = CommonClientCode;
			sourceTree = "<group>";
		};
		919614AB23D137910069AE94 /* Misc */ = {
			isa = PBXGroup;
			children = (
				919614AC23D137910069AE94 /* Keychain.swift */,
				919614AD23D137910069AE94 /* JWTDecode */,
			);
			path = Misc;
			sourceTree = "<group>";
		};
		919614AD23D137910069AE94 /* JWTDecode */ = {
			isa = PBXGroup;
			children = (
				919614AE23D137910069AE94 /* JWTDecode.swift */,
				919614AF23D137910069AE94 /* JWT.swift */,
				919614B023D137910069AE94 /* Errors.swift */,
			);
			path = JWTDecode;
			sourceTree = "<group>";
		};
		919614B123D137910069AE94 /* Extensions */ = {
			isa = PBXGroup;
			children = (
				919614B223D137910069AE94 /* DictionaryExtensions.swift */,
				919614B323D137910069AE94 /* DataExtensions.swift */,
				919614B423D137910069AE94 /* StringExtensions.swift */,
				919614B523D137910069AE94 /* URLSessionExtensions.swift */,
			);
			path = Extensions;
			sourceTree = "<group>";
		};
		919614B623D137910069AE94 /* RadioPicker */ = {
			isa = PBXGroup;
			children = (
				919614B723D137910069AE94 /* Auth0ViewController.swift */,
				919614B823D137910069AE94 /* WANRadioPickerViewController.swift */,
				919614B923D137910069AE94 /* LANRadioPickerViewController.swift */,
			);
			path = RadioPicker;
			sourceTree = "<group>";
		};
		919614BA23D137910069AE94 /* Macros */ = {
			isa = PBXGroup;
			children = (
				919614BB23D137910069AE94 /* Macros.swift */,
			);
			path = Macros;
			sourceTree = "<group>";
		};
		919614BE23D137910069AE94 /* Documentation */ = {
			isa = PBXGroup;
			children = (
				919614BF23D137910069AE94 /* xAPITester.pdf */,
			);
			path = Documentation;
			sourceTree = "<group>";
		};
		919614DD23D138150069AE94 /* Frameworks */ = {
			isa = PBXGroup;
			children = (
			);
			name = Frameworks;
			sourceTree = "<group>";
		};
/* End PBXGroup section */

/* Begin PBXNativeTarget section */
		9196148523D1372D0069AE94 /* xAPITester */ = {
			isa = PBXNativeTarget;
			buildConfigurationList = 9196149623D1372E0069AE94 /* Build configuration list for PBXNativeTarget "xAPITester" */;
			buildPhases = (
				9196148223D1372D0069AE94 /* Sources */,
				9196148323D1372D0069AE94 /* Frameworks */,
				9196148423D1372D0069AE94 /* Resources */,
			);
			buildRules = (
			);
			dependencies = (
			);
			name = xAPITester;
			packageProductDependencies = (
				919614E923D1382A0069AE94 /* xLib6000 */,
				919614ED23D140C60069AE94 /* SwiftyUserDefaults */,
				919614F023D144BC0069AE94 /* ObjcExceptionBridging */,
				919614F223D144BC0069AE94 /* XCGLogger */,
			);
			productName = xAPITester;
			productReference = 9196148623D1372D0069AE94 /* xAPITester.app */;
			productType = "com.apple.product-type.application";
		};
/* End PBXNativeTarget section */

/* Begin PBXProject section */
		9196147E23D1372D0069AE94 /* Project object */ = {
			isa = PBXProject;
			attributes = {
				LastSwiftUpdateCheck = 1130;
				LastUpgradeCheck = 1130;
				ORGANIZATIONNAME = "Douglas Adams";
				TargetAttributes = {
					9196148523D1372D0069AE94 = {
						CreatedOnToolsVersion = 11.3.1;
						LastSwiftMigration = 1130;
					};
				};
			};
			buildConfigurationList = 9196148123D1372D0069AE94 /* Build configuration list for PBXProject "xAPITester" */;
			compatibilityVersion = "Xcode 9.3";
			developmentRegion = en;
			hasScannedForEncodings = 0;
			knownRegions = (
				en,
				Base,
			);
			mainGroup = 9196147D23D1372D0069AE94;
			packageReferences = (
				919614E823D1382A0069AE94 /* XCRemoteSwiftPackageReference "xLib6000" */,
				919614EC23D140C60069AE94 /* XCRemoteSwiftPackageReference "SwiftyUserDefaults" */,
				919614EF23D144BC0069AE94 /* XCRemoteSwiftPackageReference "XCGLogger" */,
			);
			productRefGroup = 9196148723D1372D0069AE94 /* Products */;
			projectDirPath = "";
			projectRoot = "";
			targets = (
				9196148523D1372D0069AE94 /* xAPITester */,
			);
		};
/* End PBXProject section */

/* Begin PBXResourcesBuildPhase section */
		9196148423D1372D0069AE94 /* Resources */ = {
			isa = PBXResourcesBuildPhase;
			buildActionMask = 2147483647;
			files = (
				919614C123D137910069AE94 /* Main.strings in Resources */,
				919614DB23D137FE0069AE94 /* ChangeLog.txt in Resources */,
				919614D623D137910069AE94 /* Defaults.plist in Resources */,
				919614C323D137910069AE94 /* Assets.xcassets in Resources */,
				919614C223D137910069AE94 /* Main.storyboard in Resources */,
				919614DC23D137FE0069AE94 /* README.md in Resources */,
				919614D823D137910069AE94 /* xAPITester.pdf in Resources */,
			);
			runOnlyForDeploymentPostprocessing = 0;
		};
/* End PBXResourcesBuildPhase section */

/* Begin PBXSourcesBuildPhase section */
		9196148223D1372D0069AE94 /* Sources */ = {
			isa = PBXSourcesBuildPhase;
			buildActionMask = 2147483647;
			files = (
				919614D523D137910069AE94 /* Macros.swift in Sources */,
				919614D723D137910069AE94 /* AppExtensions.swift in Sources */,
				919614C923D137910069AE94 /* MeterViewController.swift in Sources */,
				919614C823D137910069AE94 /* SplitViewController.swift in Sources */,
				919614D423D137910069AE94 /* LANRadioPickerViewController.swift in Sources */,
				919614D123D137910069AE94 /* URLSessionExtensions.swift in Sources */,
				919614CE23D137910069AE94 /* DictionaryExtensions.swift in Sources */,
				919614CC23D137910069AE94 /* JWT.swift in Sources */,
				919614D223D137910069AE94 /* Auth0ViewController.swift in Sources */,
				919614C623D137910069AE94 /* ViewController.swift in Sources */,
				919614CF23D137910069AE94 /* DataExtensions.swift in Sources */,
				919614CB23D137910069AE94 /* JWTDecode.swift in Sources */,
				919614C023D137910069AE94 /* AppDelegate.swift in Sources */,
				919614CD23D137910069AE94 /* Errors.swift in Sources */,
				919614D323D137910069AE94 /* WANRadioPickerViewController.swift in Sources */,
				919614C723D137910069AE94 /* HelpViewController.swift in Sources */,
				919614D023D137910069AE94 /* StringExtensions.swift in Sources */,
				919614CA23D137910069AE94 /* Keychain.swift in Sources */,
			);
			runOnlyForDeploymentPostprocessing = 0;
		};
/* End PBXSourcesBuildPhase section */

/* Begin PBXVariantGroup section */
		9196149C23D137900069AE94 /* Main.strings */ = {
			isa = PBXVariantGroup;
			children = (
				9196149D23D137900069AE94 /* en */,
			);
			name = Main.strings;
			sourceTree = "<group>";
		};
		9196149F23D137900069AE94 /* Main.storyboard */ = {
			isa = PBXVariantGroup;
			children = (
				919614A023D137900069AE94 /* Base */,
			);
			name = Main.storyboard;
			sourceTree = "<group>";
		};
/* End PBXVariantGroup section */

/* Begin XCBuildConfiguration section */
		9196149423D1372E0069AE94 /* Debug */ = {
			isa = XCBuildConfiguration;
			buildSettings = {
				ALWAYS_SEARCH_USER_PATHS = NO;
				CLANG_ANALYZER_NONNULL = YES;
				CLANG_ANALYZER_NUMBER_OBJECT_CONVERSION = YES_AGGRESSIVE;
				CLANG_CXX_LANGUAGE_STANDARD = "gnu++14";
				CLANG_CXX_LIBRARY = "libc++";
				CLANG_ENABLE_MODULES = YES;
				CLANG_ENABLE_OBJC_ARC = YES;
				CLANG_ENABLE_OBJC_WEAK = YES;
				CLANG_WARN_BLOCK_CAPTURE_AUTORELEASING = YES;
				CLANG_WARN_BOOL_CONVERSION = YES;
				CLANG_WARN_COMMA = YES;
				CLANG_WARN_CONSTANT_CONVERSION = YES;
				CLANG_WARN_DEPRECATED_OBJC_IMPLEMENTATIONS = YES;
				CLANG_WARN_DIRECT_OBJC_ISA_USAGE = YES_ERROR;
				CLANG_WARN_DOCUMENTATION_COMMENTS = YES;
				CLANG_WARN_EMPTY_BODY = YES;
				CLANG_WARN_ENUM_CONVERSION = YES;
				CLANG_WARN_INFINITE_RECURSION = YES;
				CLANG_WARN_INT_CONVERSION = YES;
				CLANG_WARN_NON_LITERAL_NULL_CONVERSION = YES;
				CLANG_WARN_OBJC_IMPLICIT_RETAIN_SELF = YES;
				CLANG_WARN_OBJC_LITERAL_CONVERSION = YES;
				CLANG_WARN_OBJC_ROOT_CLASS = YES_ERROR;
				CLANG_WARN_RANGE_LOOP_ANALYSIS = YES;
				CLANG_WARN_STRICT_PROTOTYPES = YES;
				CLANG_WARN_SUSPICIOUS_MOVE = YES;
				CLANG_WARN_UNGUARDED_AVAILABILITY = YES_AGGRESSIVE;
				CLANG_WARN_UNREACHABLE_CODE = YES;
				CLANG_WARN__DUPLICATE_METHOD_MATCH = YES;
				COPY_PHASE_STRIP = NO;
				DEBUG_INFORMATION_FORMAT = dwarf;
				ENABLE_STRICT_OBJC_MSGSEND = YES;
				ENABLE_TESTABILITY = YES;
				GCC_C_LANGUAGE_STANDARD = gnu11;
				GCC_DYNAMIC_NO_PIC = NO;
				GCC_NO_COMMON_BLOCKS = YES;
				GCC_OPTIMIZATION_LEVEL = 0;
				GCC_PREPROCESSOR_DEFINITIONS = (
					"DEBUG=1",
					"$(inherited)",
				);
				GCC_WARN_64_TO_32_BIT_CONVERSION = YES;
				GCC_WARN_ABOUT_RETURN_TYPE = YES_ERROR;
				GCC_WARN_UNDECLARED_SELECTOR = YES;
				GCC_WARN_UNINITIALIZED_AUTOS = YES_AGGRESSIVE;
				GCC_WARN_UNUSED_FUNCTION = YES;
				GCC_WARN_UNUSED_VARIABLE = YES;
				MACOSX_DEPLOYMENT_TARGET = 10.14;
				MTL_ENABLE_DEBUG_INFO = INCLUDE_SOURCE;
				MTL_FAST_MATH = YES;
				ONLY_ACTIVE_ARCH = YES;
				SDKROOT = macosx;
				SWIFT_ACTIVE_COMPILATION_CONDITIONS = DEBUG;
				SWIFT_OPTIMIZATION_LEVEL = "-Onone";
			};
			name = Debug;
		};
		9196149523D1372E0069AE94 /* Release */ = {
			isa = XCBuildConfiguration;
			buildSettings = {
				ALWAYS_SEARCH_USER_PATHS = NO;
				CLANG_ANALYZER_NONNULL = YES;
				CLANG_ANALYZER_NUMBER_OBJECT_CONVERSION = YES_AGGRESSIVE;
				CLANG_CXX_LANGUAGE_STANDARD = "gnu++14";
				CLANG_CXX_LIBRARY = "libc++";
				CLANG_ENABLE_MODULES = YES;
				CLANG_ENABLE_OBJC_ARC = YES;
				CLANG_ENABLE_OBJC_WEAK = YES;
				CLANG_WARN_BLOCK_CAPTURE_AUTORELEASING = YES;
				CLANG_WARN_BOOL_CONVERSION = YES;
				CLANG_WARN_COMMA = YES;
				CLANG_WARN_CONSTANT_CONVERSION = YES;
				CLANG_WARN_DEPRECATED_OBJC_IMPLEMENTATIONS = YES;
				CLANG_WARN_DIRECT_OBJC_ISA_USAGE = YES_ERROR;
				CLANG_WARN_DOCUMENTATION_COMMENTS = YES;
				CLANG_WARN_EMPTY_BODY = YES;
				CLANG_WARN_ENUM_CONVERSION = YES;
				CLANG_WARN_INFINITE_RECURSION = YES;
				CLANG_WARN_INT_CONVERSION = YES;
				CLANG_WARN_NON_LITERAL_NULL_CONVERSION = YES;
				CLANG_WARN_OBJC_IMPLICIT_RETAIN_SELF = YES;
				CLANG_WARN_OBJC_LITERAL_CONVERSION = YES;
				CLANG_WARN_OBJC_ROOT_CLASS = YES_ERROR;
				CLANG_WARN_RANGE_LOOP_ANALYSIS = YES;
				CLANG_WARN_STRICT_PROTOTYPES = YES;
				CLANG_WARN_SUSPICIOUS_MOVE = YES;
				CLANG_WARN_UNGUARDED_AVAILABILITY = YES_AGGRESSIVE;
				CLANG_WARN_UNREACHABLE_CODE = YES;
				CLANG_WARN__DUPLICATE_METHOD_MATCH = YES;
				COPY_PHASE_STRIP = NO;
				DEBUG_INFORMATION_FORMAT = "dwarf-with-dsym";
				ENABLE_NS_ASSERTIONS = NO;
				ENABLE_STRICT_OBJC_MSGSEND = YES;
				GCC_C_LANGUAGE_STANDARD = gnu11;
				GCC_NO_COMMON_BLOCKS = YES;
				GCC_WARN_64_TO_32_BIT_CONVERSION = YES;
				GCC_WARN_ABOUT_RETURN_TYPE = YES_ERROR;
				GCC_WARN_UNDECLARED_SELECTOR = YES;
				GCC_WARN_UNINITIALIZED_AUTOS = YES_AGGRESSIVE;
				GCC_WARN_UNUSED_FUNCTION = YES;
				GCC_WARN_UNUSED_VARIABLE = YES;
				MACOSX_DEPLOYMENT_TARGET = 10.14;
				MTL_ENABLE_DEBUG_INFO = NO;
				MTL_FAST_MATH = YES;
				SDKROOT = macosx;
				SWIFT_COMPILATION_MODE = wholemodule;
				SWIFT_OPTIMIZATION_LEVEL = "-O";
			};
			name = Release;
		};
		9196149723D1372E0069AE94 /* Debug */ = {
			isa = XCBuildConfiguration;
			buildSettings = {
				ASSETCATALOG_COMPILER_APPICON_NAME = AppIcon;
				CLANG_ENABLE_MODULES = YES;
				CODE_SIGN_ENTITLEMENTS = xAPITester/xAPITester.entitlements;
				CODE_SIGN_STYLE = Automatic;
				COMBINE_HIDPI_IMAGES = YES;
				DEVELOPMENT_TEAM = EE5B8TYXGA;
				ENABLE_HARDENED_RUNTIME = YES;
				FRAMEWORK_SEARCH_PATHS = (
					"$(inherited)",
					"$(PROJECT_DIR)",
				);
				INFOPLIST_FILE = xAPITester/Info.plist;
				LD_RUNPATH_SEARCH_PATHS = (
					"$(inherited)",
					"@executable_path/../Frameworks",
				);
				MACOSX_DEPLOYMENT_TARGET = 10.11;
				PRODUCT_BUNDLE_IDENTIFIER = net.k3tzr.xAPITester;
				PRODUCT_NAME = "$(TARGET_NAME)";
				SWIFT_OBJC_BRIDGING_HEADER = "xAPITester/xAPITester-Bridging-Header.h";
				SWIFT_OPTIMIZATION_LEVEL = "-Onone";
				SWIFT_VERSION = 5.0;
			};
			name = Debug;
		};
		9196149823D1372E0069AE94 /* Release */ = {
			isa = XCBuildConfiguration;
			buildSettings = {
				ASSETCATALOG_COMPILER_APPICON_NAME = AppIcon;
				CLANG_ENABLE_MODULES = YES;
				CODE_SIGN_ENTITLEMENTS = xAPITester/xAPITester.entitlements;
				CODE_SIGN_STYLE = Automatic;
				COMBINE_HIDPI_IMAGES = YES;
				DEVELOPMENT_TEAM = EE5B8TYXGA;
				ENABLE_HARDENED_RUNTIME = YES;
				FRAMEWORK_SEARCH_PATHS = (
					"$(inherited)",
					"$(PROJECT_DIR)",
				);
				INFOPLIST_FILE = xAPITester/Info.plist;
				LD_RUNPATH_SEARCH_PATHS = (
					"$(inherited)",
					"@executable_path/../Frameworks",
				);
				MACOSX_DEPLOYMENT_TARGET = 10.11;
				PRODUCT_BUNDLE_IDENTIFIER = net.k3tzr.xAPITester;
				PRODUCT_NAME = "$(TARGET_NAME)";
				SWIFT_OBJC_BRIDGING_HEADER = "xAPITester/xAPITester-Bridging-Header.h";
				SWIFT_VERSION = 5.0;
			};
			name = Release;
		};
/* End XCBuildConfiguration section */

/* Begin XCConfigurationList section */
		9196148123D1372D0069AE94 /* Build configuration list for PBXProject "xAPITester" */ = {
			isa = XCConfigurationList;
			buildConfigurations = (
				9196149423D1372E0069AE94 /* Debug */,
				9196149523D1372E0069AE94 /* Release */,
			);
			defaultConfigurationIsVisible = 0;
			defaultConfigurationName = Release;
		};
		9196149623D1372E0069AE94 /* Build configuration list for PBXNativeTarget "xAPITester" */ = {
			isa = XCConfigurationList;
			buildConfigurations = (
				9196149723D1372E0069AE94 /* Debug */,
				9196149823D1372E0069AE94 /* Release */,
			);
			defaultConfigurationIsVisible = 0;
			defaultConfigurationName = Release;
		};
/* End XCConfigurationList section */

/* Begin XCRemoteSwiftPackageReference section */
		919614E823D1382A0069AE94 /* XCRemoteSwiftPackageReference "xLib6000" */ = {
			isa = XCRemoteSwiftPackageReference;
			repositoryURL = "git@github.com:K3TZR/xLib6000.git";
			requirement = {
				kind = upToNextMajorVersion;
				minimumVersion = 1.0.0;
			};
		};
		919614EC23D140C60069AE94 /* XCRemoteSwiftPackageReference "SwiftyUserDefaults" */ = {
			isa = XCRemoteSwiftPackageReference;
			repositoryURL = "git@github.com:sunshinejr/SwiftyUserDefaults.git";
			requirement = {
				kind = upToNextMajorVersion;
				minimumVersion = 4.0.0;
			};
		};
		919614EF23D144BC0069AE94 /* XCRemoteSwiftPackageReference "XCGLogger" */ = {
			isa = XCRemoteSwiftPackageReference;
			repositoryURL = "git@github.com:DaveWoodCom/XCGLogger.git";
			requirement = {
				kind = upToNextMajorVersion;
				minimumVersion = 7.0.0;
			};
		};
/* End XCRemoteSwiftPackageReference section */

/* Begin XCSwiftPackageProductDependency section */
		919614E923D1382A0069AE94 /* xLib6000 */ = {
			isa = XCSwiftPackageProductDependency;
			package = 919614E823D1382A0069AE94 /* XCRemoteSwiftPackageReference "xLib6000" */;
			productName = xLib6000;
		};
		919614ED23D140C60069AE94 /* SwiftyUserDefaults */ = {
			isa = XCSwiftPackageProductDependency;
			package = 919614EC23D140C60069AE94 /* XCRemoteSwiftPackageReference "SwiftyUserDefaults" */;
			productName = SwiftyUserDefaults;
		};
		919614F023D144BC0069AE94 /* ObjcExceptionBridging */ = {
			isa = XCSwiftPackageProductDependency;
			package = 919614EF23D144BC0069AE94 /* XCRemoteSwiftPackageReference "XCGLogger" */;
			productName = ObjcExceptionBridging;
		};
		919614F223D144BC0069AE94 /* XCGLogger */ = {
			isa = XCSwiftPackageProductDependency;
			package = 919614EF23D144BC0069AE94 /* XCRemoteSwiftPackageReference "XCGLogger" */;
			productName = XCGLogger;
		};
/* End XCSwiftPackageProductDependency section */
	};
	rootObject = 9196147E23D1372D0069AE94 /* Project object */;
}
