// !$*UTF8*$!
{
	archiveVersion = 1;
	classes = {
	};
	objectVersion = 52;
	objects = {

/* Begin PBXBuildFile section */
		9125201C24745B350024C575 /* RadioManager.swift in Sources */ = {isa = PBXBuildFile; fileRef = 9125201A24745B350024C575 /* RadioManager.swift */; };
		9125202224746CFF0024C575 /* ViewController.swift in Sources */ = {isa = PBXBuildFile; fileRef = 9125202124746CFF0024C575 /* ViewController.swift */; };
		916E98CB246C348C00287335 /* WanManager.swift in Sources */ = {isa = PBXBuildFile; fileRef = 916E98CA246C348C00287335 /* WanManager.swift */; };
		917AAA8223D5EDAE0082FAEB /* xLib6000 in Frameworks */ = {isa = PBXBuildFile; productRef = 917AAA8123D5EDAE0082FAEB /* xLib6000 */; };
		917AAA8523D5EDC80082FAEB /* ObjcExceptionBridging in Frameworks */ = {isa = PBXBuildFile; productRef = 917AAA8423D5EDC80082FAEB /* ObjcExceptionBridging */; };
		917AAA8723D5EDC80082FAEB /* XCGLogger in Frameworks */ = {isa = PBXBuildFile; productRef = 917AAA8623D5EDC80082FAEB /* XCGLogger */; };
		917AAA8A23D5EDFA0082FAEB /* SwiftyUserDefaults in Frameworks */ = {isa = PBXBuildFile; productRef = 917AAA8923D5EDFA0082FAEB /* SwiftyUserDefaults */; };
		9187257B23D63C8A009B63A3 /* xAPITester.pdf in Resources */ = {isa = PBXBuildFile; fileRef = 9187255723D63C8A009B63A3 /* xAPITester.pdf */; };
		9187257E23D63C8A009B63A3 /* Assets.xcassets in Resources */ = {isa = PBXBuildFile; fileRef = 9187255B23D63C8A009B63A3 /* Assets.xcassets */; };
		9187258523D63C8A009B63A3 /* AppDelegate.swift in Sources */ = {isa = PBXBuildFile; fileRef = 9187256523D63C8A009B63A3 /* AppDelegate.swift */; };
		9187258623D63C8A009B63A3 /* AppExtensions.swift in Sources */ = {isa = PBXBuildFile; fileRef = 9187256723D63C8A009B63A3 /* AppExtensions.swift */; };
		9187258823D63C8A009B63A3 /* Keychain.swift in Sources */ = {isa = PBXBuildFile; fileRef = 9187256B23D63C8A009B63A3 /* Keychain.swift */; };
		9187258923D63C8A009B63A3 /* JWTDecode.swift in Sources */ = {isa = PBXBuildFile; fileRef = 9187256D23D63C8A009B63A3 /* JWTDecode.swift */; };
		9187258A23D63C8A009B63A3 /* JWT.swift in Sources */ = {isa = PBXBuildFile; fileRef = 9187256E23D63C8A009B63A3 /* JWT.swift */; };
		9187258B23D63C8A009B63A3 /* Errors.swift in Sources */ = {isa = PBXBuildFile; fileRef = 9187256F23D63C8A009B63A3 /* Errors.swift */; };
		9187258C23D63C8A009B63A3 /* DictionaryExtensions.swift in Sources */ = {isa = PBXBuildFile; fileRef = 9187257123D63C8A009B63A3 /* DictionaryExtensions.swift */; };
		9187258D23D63C8A009B63A3 /* DataExtensions.swift in Sources */ = {isa = PBXBuildFile; fileRef = 9187257223D63C8A009B63A3 /* DataExtensions.swift */; };
		9187258E23D63C8A009B63A3 /* StringExtensions.swift in Sources */ = {isa = PBXBuildFile; fileRef = 9187257323D63C8A009B63A3 /* StringExtensions.swift */; };
		9187258F23D63C8A009B63A3 /* URLSessionExtensions.swift in Sources */ = {isa = PBXBuildFile; fileRef = 9187257423D63C8A009B63A3 /* URLSessionExtensions.swift */; };
		9187259023D63C8A009B63A3 /* Auth0ViewController.swift in Sources */ = {isa = PBXBuildFile; fileRef = 9187257623D63C8A009B63A3 /* Auth0ViewController.swift */; };
		9187259123D63C8A009B63A3 /* RadioPickerViewController.swift in Sources */ = {isa = PBXBuildFile; fileRef = 9187257723D63C8A009B63A3 /* RadioPickerViewController.swift */; };
		9187259323D63C8A009B63A3 /* Macros.swift in Sources */ = {isa = PBXBuildFile; fileRef = 9187257A23D63C8A009B63A3 /* Macros.swift */; };
		9187259523D63CD1009B63A3 /* README.md in Resources */ = {isa = PBXBuildFile; fileRef = 9187259423D63CD1009B63A3 /* README.md */; };
		9187259923D63D8F009B63A3 /* Main.storyboard in Resources */ = {isa = PBXBuildFile; fileRef = 9187259823D63D8F009B63A3 /* Main.storyboard */; };
		9187259E23D63ED9009B63A3 /* MeterViewController.swift in Sources */ = {isa = PBXBuildFile; fileRef = 9187259A23D63ED9009B63A3 /* MeterViewController.swift */; };
		918725A023D63ED9009B63A3 /* HelpViewController.swift in Sources */ = {isa = PBXBuildFile; fileRef = 9187259C23D63ED9009B63A3 /* HelpViewController.swift */; };
		918725A123D63ED9009B63A3 /* SplitViewController.swift in Sources */ = {isa = PBXBuildFile; fileRef = 9187259D23D63ED9009B63A3 /* SplitViewController.swift */; };
		919F57DE24193D40001956B0 /* Logger.swift in Sources */ = {isa = PBXBuildFile; fileRef = 919F57DD24193D40001956B0 /* Logger.swift */; };
		91CF6DB3248D5D3B00AE8DB6 /* RadioPicker.storyboard in Resources */ = {isa = PBXBuildFile; fileRef = 91CF6DB2248D5D3B00AE8DB6 /* RadioPicker.storyboard */; };
/* End PBXBuildFile section */

/* Begin PBXFileReference section */
		9125201A24745B350024C575 /* RadioManager.swift */ = {isa = PBXFileReference; fileEncoding = 4; lastKnownFileType = sourcecode.swift; path = RadioManager.swift; sourceTree = "<group>"; };
		9125202124746CFF0024C575 /* ViewController.swift */ = {isa = PBXFileReference; fileEncoding = 4; lastKnownFileType = sourcecode.swift; name = ViewController.swift; path = xAPITester/Radio/ViewController.swift; sourceTree = SOURCE_ROOT; };
		916E98CA246C348C00287335 /* WanManager.swift */ = {isa = PBXFileReference; fileEncoding = 4; lastKnownFileType = sourcecode.swift; path = WanManager.swift; sourceTree = "<group>"; };
		9187255723D63C8A009B63A3 /* xAPITester.pdf */ = {isa = PBXFileReference; lastKnownFileType = image.pdf; path = xAPITester.pdf; sourceTree = "<group>"; };
		9187255B23D63C8A009B63A3 /* Assets.xcassets */ = {isa = PBXFileReference; lastKnownFileType = folder.assetcatalog; path = Assets.xcassets; sourceTree = "<group>"; };
		9187256423D63C8A009B63A3 /* xAPITester.entitlements */ = {isa = PBXFileReference; fileEncoding = 4; lastKnownFileType = text.plist.entitlements; path = xAPITester.entitlements; sourceTree = "<group>"; };
		9187256523D63C8A009B63A3 /* AppDelegate.swift */ = {isa = PBXFileReference; fileEncoding = 4; lastKnownFileType = sourcecode.swift; path = AppDelegate.swift; sourceTree = "<group>"; };
		9187256723D63C8A009B63A3 /* AppExtensions.swift */ = {isa = PBXFileReference; fileEncoding = 4; lastKnownFileType = sourcecode.swift; path = AppExtensions.swift; sourceTree = "<group>"; };
		9187256823D63C8A009B63A3 /* Info.plist */ = {isa = PBXFileReference; fileEncoding = 4; lastKnownFileType = text.plist.xml; path = Info.plist; sourceTree = "<group>"; };
		9187256B23D63C8A009B63A3 /* Keychain.swift */ = {isa = PBXFileReference; fileEncoding = 4; lastKnownFileType = sourcecode.swift; path = Keychain.swift; sourceTree = "<group>"; };
		9187256D23D63C8A009B63A3 /* JWTDecode.swift */ = {isa = PBXFileReference; fileEncoding = 4; lastKnownFileType = sourcecode.swift; path = JWTDecode.swift; sourceTree = "<group>"; };
		9187256E23D63C8A009B63A3 /* JWT.swift */ = {isa = PBXFileReference; fileEncoding = 4; lastKnownFileType = sourcecode.swift; path = JWT.swift; sourceTree = "<group>"; };
		9187256F23D63C8A009B63A3 /* Errors.swift */ = {isa = PBXFileReference; fileEncoding = 4; lastKnownFileType = sourcecode.swift; path = Errors.swift; sourceTree = "<group>"; };
		9187257123D63C8A009B63A3 /* DictionaryExtensions.swift */ = {isa = PBXFileReference; fileEncoding = 4; lastKnownFileType = sourcecode.swift; path = DictionaryExtensions.swift; sourceTree = "<group>"; };
		9187257223D63C8A009B63A3 /* DataExtensions.swift */ = {isa = PBXFileReference; fileEncoding = 4; lastKnownFileType = sourcecode.swift; path = DataExtensions.swift; sourceTree = "<group>"; };
		9187257323D63C8A009B63A3 /* StringExtensions.swift */ = {isa = PBXFileReference; fileEncoding = 4; lastKnownFileType = sourcecode.swift; path = StringExtensions.swift; sourceTree = "<group>"; };
		9187257423D63C8A009B63A3 /* URLSessionExtensions.swift */ = {isa = PBXFileReference; fileEncoding = 4; lastKnownFileType = sourcecode.swift; path = URLSessionExtensions.swift; sourceTree = "<group>"; };
		9187257623D63C8A009B63A3 /* Auth0ViewController.swift */ = {isa = PBXFileReference; fileEncoding = 4; lastKnownFileType = sourcecode.swift; path = Auth0ViewController.swift; sourceTree = "<group>"; };
		9187257723D63C8A009B63A3 /* RadioPickerViewController.swift */ = {isa = PBXFileReference; fileEncoding = 4; lastKnownFileType = sourcecode.swift; path = RadioPickerViewController.swift; sourceTree = "<group>"; };
		9187257A23D63C8A009B63A3 /* Macros.swift */ = {isa = PBXFileReference; fileEncoding = 4; lastKnownFileType = sourcecode.swift; path = Macros.swift; sourceTree = "<group>"; };
		9187259423D63CD1009B63A3 /* README.md */ = {isa = PBXFileReference; fileEncoding = 4; lastKnownFileType = net.daringfireball.markdown; path = README.md; sourceTree = "<group>"; };
		9187259823D63D8F009B63A3 /* Main.storyboard */ = {isa = PBXFileReference; fileEncoding = 4; lastKnownFileType = file.storyboard; path = Main.storyboard; sourceTree = "<group>"; };
		9187259A23D63ED9009B63A3 /* MeterViewController.swift */ = {isa = PBXFileReference; fileEncoding = 4; lastKnownFileType = sourcecode.swift; path = MeterViewController.swift; sourceTree = "<group>"; };
		9187259C23D63ED9009B63A3 /* HelpViewController.swift */ = {isa = PBXFileReference; fileEncoding = 4; lastKnownFileType = sourcecode.swift; path = HelpViewController.swift; sourceTree = "<group>"; };
		9187259D23D63ED9009B63A3 /* SplitViewController.swift */ = {isa = PBXFileReference; fileEncoding = 4; lastKnownFileType = sourcecode.swift; path = SplitViewController.swift; sourceTree = "<group>"; };
		9196148623D1372D0069AE94 /* xAPITester.app */ = {isa = PBXFileReference; explicitFileType = wrapper.application; includeInIndex = 0; path = xAPITester.app; sourceTree = BUILT_PRODUCTS_DIR; };
		919F57DD24193D40001956B0 /* Logger.swift */ = {isa = PBXFileReference; fileEncoding = 4; lastKnownFileType = sourcecode.swift; path = Logger.swift; sourceTree = "<group>"; };
		91CF6DB2248D5D3B00AE8DB6 /* RadioPicker.storyboard */ = {isa = PBXFileReference; fileEncoding = 4; lastKnownFileType = file.storyboard; path = RadioPicker.storyboard; sourceTree = "<group>"; };
/* End PBXFileReference section */

/* Begin PBXFrameworksBuildPhase section */
		9196148323D1372D0069AE94 /* Frameworks */ = {
			isa = PBXFrameworksBuildPhase;
			buildActionMask = 2147483647;
			files = (
				917AAA8523D5EDC80082FAEB /* ObjcExceptionBridging in Frameworks */,
				917AAA8223D5EDAE0082FAEB /* xLib6000 in Frameworks */,
				917AAA8723D5EDC80082FAEB /* XCGLogger in Frameworks */,
				917AAA8A23D5EDFA0082FAEB /* SwiftyUserDefaults in Frameworks */,
			);
			runOnlyForDeploymentPostprocessing = 0;
		};
/* End PBXFrameworksBuildPhase section */

/* Begin PBXGroup section */
		9125201E24745B4D0024C575 /* Radio */ = {
			isa = PBXGroup;
			children = (
				916E98CA246C348C00287335 /* WanManager.swift */,
				9125201A24745B350024C575 /* RadioManager.swift */,
			);
			path = Radio;
			sourceTree = "<group>";
		};
		9187255523D63C8A009B63A3 /* xAPITester */ = {
			isa = PBXGroup;
			children = (
				9187256423D63C8A009B63A3 /* xAPITester.entitlements */,
				9187256823D63C8A009B63A3 /* Info.plist */,
				9187255B23D63C8A009B63A3 /* Assets.xcassets */,
				9187259823D63D8F009B63A3 /* Main.storyboard */,
				91CF6DB2248D5D3B00AE8DB6 /* RadioPicker.storyboard */,
				9187256523D63C8A009B63A3 /* AppDelegate.swift */,
				918725A423D8B2EF009B63A3 /* Extensions */,
				9125201E24745B4D0024C575 /* Radio */,
				918725A523D8B2FF009B63A3 /* View Controllers */,
				9187256923D63C8A009B63A3 /* CommonClientCode */,
				9187255623D63C8A009B63A3 /* Documentation */,
				918725A623D8B342009B63A3 /* Supporting */,
			);
			path = xAPITester;
			sourceTree = "<group>";
		};
		9187255623D63C8A009B63A3 /* Documentation */ = {
			isa = PBXGroup;
			children = (
				9187255723D63C8A009B63A3 /* xAPITester.pdf */,
			);
			path = Documentation;
			sourceTree = "<group>";
		};
		9187256923D63C8A009B63A3 /* CommonClientCode */ = {
			isa = PBXGroup;
			children = (
				9187256A23D63C8A009B63A3 /* Misc */,
				9187257023D63C8A009B63A3 /* Extensions */,
				9187257523D63C8A009B63A3 /* RadioPicker */,
				9187257923D63C8A009B63A3 /* Macros */,
			);
			path = CommonClientCode;
			sourceTree = "<group>";
		};
		9187256A23D63C8A009B63A3 /* Misc */ = {
			isa = PBXGroup;
			children = (
				9187256B23D63C8A009B63A3 /* Keychain.swift */,
				9187256C23D63C8A009B63A3 /* JWTDecode */,
			);
			path = Misc;
			sourceTree = "<group>";
		};
		9187256C23D63C8A009B63A3 /* JWTDecode */ = {
			isa = PBXGroup;
			children = (
				9187256D23D63C8A009B63A3 /* JWTDecode.swift */,
				9187256E23D63C8A009B63A3 /* JWT.swift */,
				9187256F23D63C8A009B63A3 /* Errors.swift */,
			);
			path = JWTDecode;
			sourceTree = "<group>";
		};
		9187257023D63C8A009B63A3 /* Extensions */ = {
			isa = PBXGroup;
			children = (
				9187257123D63C8A009B63A3 /* DictionaryExtensions.swift */,
				9187257223D63C8A009B63A3 /* DataExtensions.swift */,
				9187257323D63C8A009B63A3 /* StringExtensions.swift */,
				9187257423D63C8A009B63A3 /* URLSessionExtensions.swift */,
			);
			path = Extensions;
			sourceTree = "<group>";
		};
		9187257523D63C8A009B63A3 /* RadioPicker */ = {
			isa = PBXGroup;
			children = (
				9187257623D63C8A009B63A3 /* Auth0ViewController.swift */,
				9187257723D63C8A009B63A3 /* RadioPickerViewController.swift */,
			);
			path = RadioPicker;
			sourceTree = "<group>";
		};
		9187257923D63C8A009B63A3 /* Macros */ = {
			isa = PBXGroup;
			children = (
				9187257A23D63C8A009B63A3 /* Macros.swift */,
			);
			path = Macros;
			sourceTree = "<group>";
		};
		918725A423D8B2EF009B63A3 /* Extensions */ = {
			isa = PBXGroup;
			children = (
				9187256723D63C8A009B63A3 /* AppExtensions.swift */,
			);
			path = Extensions;
			sourceTree = "<group>";
		};
		918725A523D8B2FF009B63A3 /* View Controllers */ = {
			isa = PBXGroup;
			children = (
				9125202124746CFF0024C575 /* ViewController.swift */,
				9187259D23D63ED9009B63A3 /* SplitViewController.swift */,
				9187259A23D63ED9009B63A3 /* MeterViewController.swift */,
				9187259C23D63ED9009B63A3 /* HelpViewController.swift */,
			);
			path = "View Controllers";
			sourceTree = "<group>";
		};
		918725A623D8B342009B63A3 /* Supporting */ = {
			isa = PBXGroup;
			children = (
				919F57DD24193D40001956B0 /* Logger.swift */,
			);
			path = Supporting;
			sourceTree = "<group>";
		};
		9196147D23D1372D0069AE94 = {
			isa = PBXGroup;
			children = (
				9187259423D63CD1009B63A3 /* README.md */,
				9187255523D63C8A009B63A3 /* xAPITester */,
				9196148723D1372D0069AE94 /* Products */,
				919614DD23D138150069AE94 /* Frameworks */,
			);
			sourceTree = "<group>";
		};
		9196148723D1372D0069AE94 /* Products */ = {
			isa = PBXGroup;
			children = (
				9196148623D1372D0069AE94 /* xAPITester.app */,
			);
			name = Products;
			sourceTree = "<group>";
		};
		919614DD23D138150069AE94 /* Frameworks */ = {
			isa = PBXGroup;
			children = (
			);
			name = Frameworks;
			sourceTree = "<group>";
		};
/* End PBXGroup section */

/* Begin PBXNativeTarget section */
		9196148523D1372D0069AE94 /* xAPITester */ = {
			isa = PBXNativeTarget;
			buildConfigurationList = 9196149623D1372E0069AE94 /* Build configuration list for PBXNativeTarget "xAPITester" */;
			buildPhases = (
				9196148223D1372D0069AE94 /* Sources */,
				9196148323D1372D0069AE94 /* Frameworks */,
				9196148423D1372D0069AE94 /* Resources */,
			);
			buildRules = (
			);
			dependencies = (
			);
			name = xAPITester;
			packageProductDependencies = (
				917AAA8123D5EDAE0082FAEB /* xLib6000 */,
				917AAA8423D5EDC80082FAEB /* ObjcExceptionBridging */,
				917AAA8623D5EDC80082FAEB /* XCGLogger */,
				917AAA8923D5EDFA0082FAEB /* SwiftyUserDefaults */,
			);
			productName = xAPITester;
			productReference = 9196148623D1372D0069AE94 /* xAPITester.app */;
			productType = "com.apple.product-type.application";
		};
/* End PBXNativeTarget section */

/* Begin PBXProject section */
		9196147E23D1372D0069AE94 /* Project object */ = {
			isa = PBXProject;
			attributes = {
				LastSwiftUpdateCheck = 1130;
				LastUpgradeCheck = 1140;
				ORGANIZATIONNAME = "Douglas Adams";
				TargetAttributes = {
					9196148523D1372D0069AE94 = {
						CreatedOnToolsVersion = 11.3.1;
						LastSwiftMigration = 1130;
					};
				};
			};
			buildConfigurationList = 9196148123D1372D0069AE94 /* Build configuration list for PBXProject "xAPITester" */;
			compatibilityVersion = "Xcode 9.3";
			developmentRegion = en;
			hasScannedForEncodings = 0;
			knownRegions = (
				en,
				Base,
			);
			mainGroup = 9196147D23D1372D0069AE94;
			packageReferences = (
				917AAA8023D5EDAE0082FAEB /* XCRemoteSwiftPackageReference "xLib6000" */,
				917AAA8323D5EDC80082FAEB /* XCRemoteSwiftPackageReference "XCGLogger" */,
				917AAA8823D5EDFA0082FAEB /* XCRemoteSwiftPackageReference "SwiftyUserDefaults" */,
			);
			productRefGroup = 9196148723D1372D0069AE94 /* Products */;
			projectDirPath = "";
			projectRoot = "";
			targets = (
				9196148523D1372D0069AE94 /* xAPITester */,
			);
		};
/* End PBXProject section */

/* Begin PBXResourcesBuildPhase section */
		9196148423D1372D0069AE94 /* Resources */ = {
			isa = PBXResourcesBuildPhase;
			buildActionMask = 2147483647;
			files = (
				9187259923D63D8F009B63A3 /* Main.storyboard in Resources */,
				9187257B23D63C8A009B63A3 /* xAPITester.pdf in Resources */,
				91CF6DB3248D5D3B00AE8DB6 /* RadioPicker.storyboard in Resources */,
				9187257E23D63C8A009B63A3 /* Assets.xcassets in Resources */,
				9187259523D63CD1009B63A3 /* README.md in Resources */,
			);
			runOnlyForDeploymentPostprocessing = 0;
		};
/* End PBXResourcesBuildPhase section */

/* Begin PBXSourcesBuildPhase section */
		9196148223D1372D0069AE94 /* Sources */ = {
			isa = PBXSourcesBuildPhase;
			buildActionMask = 2147483647;
			files = (
				919F57DE24193D40001956B0 /* Logger.swift in Sources */,
				9187259E23D63ED9009B63A3 /* MeterViewController.swift in Sources */,
				9187259323D63C8A009B63A3 /* Macros.swift in Sources */,
				9187258F23D63C8A009B63A3 /* URLSessionExtensions.swift in Sources */,
				9187258C23D63C8A009B63A3 /* DictionaryExtensions.swift in Sources */,
				918725A123D63ED9009B63A3 /* SplitViewController.swift in Sources */,
				9187258A23D63C8A009B63A3 /* JWT.swift in Sources */,
				916E98CB246C348C00287335 /* WanManager.swift in Sources */,
				9187259023D63C8A009B63A3 /* Auth0ViewController.swift in Sources */,
				9187258D23D63C8A009B63A3 /* DataExtensions.swift in Sources */,
				9187258923D63C8A009B63A3 /* JWTDecode.swift in Sources */,
				9187258623D63C8A009B63A3 /* AppExtensions.swift in Sources */,
				9187258B23D63C8A009B63A3 /* Errors.swift in Sources */,
				918725A023D63ED9009B63A3 /* HelpViewController.swift in Sources */,
				9187259123D63C8A009B63A3 /* RadioPickerViewController.swift in Sources */,
				9187258523D63C8A009B63A3 /* AppDelegate.swift in Sources */,
				9187258E23D63C8A009B63A3 /* StringExtensions.swift in Sources */,
				9125202224746CFF0024C575 /* ViewController.swift in Sources */,
				9187258823D63C8A009B63A3 /* Keychain.swift in Sources */,
				9125201C24745B350024C575 /* RadioManager.swift in Sources */,
			);
			runOnlyForDeploymentPostprocessing = 0;
		};
/* End PBXSourcesBuildPhase section */

/* Begin XCBuildConfiguration section */
		9196149423D1372E0069AE94 /* Debug */ = {
			isa = XCBuildConfiguration;
			buildSettings = {
				ALWAYS_SEARCH_USER_PATHS = NO;
				CLANG_ANALYZER_NONNULL = YES;
				CLANG_ANALYZER_NUMBER_OBJECT_CONVERSION = YES_AGGRESSIVE;
				CLANG_CXX_LANGUAGE_STANDARD = "gnu++14";
				CLANG_CXX_LIBRARY = "libc++";
				CLANG_ENABLE_MODULES = YES;
				CLANG_ENABLE_OBJC_ARC = YES;
				CLANG_ENABLE_OBJC_WEAK = YES;
				CLANG_WARN_BLOCK_CAPTURE_AUTORELEASING = YES;
				CLANG_WARN_BOOL_CONVERSION = YES;
				CLANG_WARN_COMMA = YES;
				CLANG_WARN_CONSTANT_CONVERSION = YES;
				CLANG_WARN_DEPRECATED_OBJC_IMPLEMENTATIONS = YES;
				CLANG_WARN_DIRECT_OBJC_ISA_USAGE = YES_ERROR;
				CLANG_WARN_DOCUMENTATION_COMMENTS = YES;
				CLANG_WARN_EMPTY_BODY = YES;
				CLANG_WARN_ENUM_CONVERSION = YES;
				CLANG_WARN_INFINITE_RECURSION = YES;
				CLANG_WARN_INT_CONVERSION = YES;
				CLANG_WARN_NON_LITERAL_NULL_CONVERSION = YES;
				CLANG_WARN_OBJC_IMPLICIT_RETAIN_SELF = YES;
				CLANG_WARN_OBJC_LITERAL_CONVERSION = YES;
				CLANG_WARN_OBJC_ROOT_CLASS = YES_ERROR;
				CLANG_WARN_RANGE_LOOP_ANALYSIS = YES;
				CLANG_WARN_STRICT_PROTOTYPES = YES;
				CLANG_WARN_SUSPICIOUS_MOVE = YES;
				CLANG_WARN_UNGUARDED_AVAILABILITY = YES_AGGRESSIVE;
				CLANG_WARN_UNREACHABLE_CODE = YES;
				CLANG_WARN__DUPLICATE_METHOD_MATCH = YES;
				COPY_PHASE_STRIP = NO;
				DEBUG_INFORMATION_FORMAT = dwarf;
				ENABLE_STRICT_OBJC_MSGSEND = YES;
				ENABLE_TESTABILITY = YES;
				GCC_C_LANGUAGE_STANDARD = gnu11;
				GCC_DYNAMIC_NO_PIC = NO;
				GCC_NO_COMMON_BLOCKS = YES;
				GCC_OPTIMIZATION_LEVEL = 0;
				GCC_PREPROCESSOR_DEFINITIONS = (
					"DEBUG=1",
					"$(inherited)",
				);
				GCC_WARN_64_TO_32_BIT_CONVERSION = YES;
				GCC_WARN_ABOUT_RETURN_TYPE = YES_ERROR;
				GCC_WARN_UNDECLARED_SELECTOR = YES;
				GCC_WARN_UNINITIALIZED_AUTOS = YES_AGGRESSIVE;
				GCC_WARN_UNUSED_FUNCTION = YES;
				GCC_WARN_UNUSED_VARIABLE = YES;
				MACOSX_DEPLOYMENT_TARGET = 10.14;
				MTL_ENABLE_DEBUG_INFO = INCLUDE_SOURCE;
				MTL_FAST_MATH = YES;
				ONLY_ACTIVE_ARCH = YES;
				SDKROOT = macosx;
				SWIFT_ACTIVE_COMPILATION_CONDITIONS = DEBUG;
				SWIFT_OPTIMIZATION_LEVEL = "-Onone";
			};
			name = Debug;
		};
		9196149523D1372E0069AE94 /* Release */ = {
			isa = XCBuildConfiguration;
			buildSettings = {
				ALWAYS_SEARCH_USER_PATHS = NO;
				CLANG_ANALYZER_NONNULL = YES;
				CLANG_ANALYZER_NUMBER_OBJECT_CONVERSION = YES_AGGRESSIVE;
				CLANG_CXX_LANGUAGE_STANDARD = "gnu++14";
				CLANG_CXX_LIBRARY = "libc++";
				CLANG_ENABLE_MODULES = YES;
				CLANG_ENABLE_OBJC_ARC = YES;
				CLANG_ENABLE_OBJC_WEAK = YES;
				CLANG_WARN_BLOCK_CAPTURE_AUTORELEASING = YES;
				CLANG_WARN_BOOL_CONVERSION = YES;
				CLANG_WARN_COMMA = YES;
				CLANG_WARN_CONSTANT_CONVERSION = YES;
				CLANG_WARN_DEPRECATED_OBJC_IMPLEMENTATIONS = YES;
				CLANG_WARN_DIRECT_OBJC_ISA_USAGE = YES_ERROR;
				CLANG_WARN_DOCUMENTATION_COMMENTS = YES;
				CLANG_WARN_EMPTY_BODY = YES;
				CLANG_WARN_ENUM_CONVERSION = YES;
				CLANG_WARN_INFINITE_RECURSION = YES;
				CLANG_WARN_INT_CONVERSION = YES;
				CLANG_WARN_NON_LITERAL_NULL_CONVERSION = YES;
				CLANG_WARN_OBJC_IMPLICIT_RETAIN_SELF = YES;
				CLANG_WARN_OBJC_LITERAL_CONVERSION = YES;
				CLANG_WARN_OBJC_ROOT_CLASS = YES_ERROR;
				CLANG_WARN_RANGE_LOOP_ANALYSIS = YES;
				CLANG_WARN_STRICT_PROTOTYPES = YES;
				CLANG_WARN_SUSPICIOUS_MOVE = YES;
				CLANG_WARN_UNGUARDED_AVAILABILITY = YES_AGGRESSIVE;
				CLANG_WARN_UNREACHABLE_CODE = YES;
				CLANG_WARN__DUPLICATE_METHOD_MATCH = YES;
				COPY_PHASE_STRIP = NO;
				DEBUG_INFORMATION_FORMAT = "dwarf-with-dsym";
				ENABLE_NS_ASSERTIONS = NO;
				ENABLE_STRICT_OBJC_MSGSEND = YES;
				GCC_C_LANGUAGE_STANDARD = gnu11;
				GCC_NO_COMMON_BLOCKS = YES;
				GCC_WARN_64_TO_32_BIT_CONVERSION = YES;
				GCC_WARN_ABOUT_RETURN_TYPE = YES_ERROR;
				GCC_WARN_UNDECLARED_SELECTOR = YES;
				GCC_WARN_UNINITIALIZED_AUTOS = YES_AGGRESSIVE;
				GCC_WARN_UNUSED_FUNCTION = YES;
				GCC_WARN_UNUSED_VARIABLE = YES;
				MACOSX_DEPLOYMENT_TARGET = 10.14;
				MTL_ENABLE_DEBUG_INFO = NO;
				MTL_FAST_MATH = YES;
				SDKROOT = macosx;
				SWIFT_COMPILATION_MODE = wholemodule;
				SWIFT_OPTIMIZATION_LEVEL = "-O";
			};
			name = Release;
		};
		9196149723D1372E0069AE94 /* Debug */ = {
			isa = XCBuildConfiguration;
			buildSettings = {
				ASSETCATALOG_COMPILER_APPICON_NAME = AppIcon;
				CLANG_ENABLE_MODULES = YES;
				CODE_SIGN_ENTITLEMENTS = xAPITester/xAPITester.entitlements;
				CODE_SIGN_IDENTITY = "-";
				CODE_SIGN_STYLE = Automatic;
				COMBINE_HIDPI_IMAGES = YES;
				CURRENT_PROJECT_VERSION = 1;
				DEVELOPMENT_TEAM = EE5B8TYXGA;
				ENABLE_HARDENED_RUNTIME = YES;
				FRAMEWORK_SEARCH_PATHS = (
					"$(inherited)",
					"$(PROJECT_DIR)",
				);
				INFOPLIST_FILE = xAPITester/Info.plist;
				LD_RUNPATH_SEARCH_PATHS = (
					"$(inherited)",
					"@executable_path/../Frameworks",
				);
				MACOSX_DEPLOYMENT_TARGET = 10.11;
				MARKETING_VERSION = 1.1.9;
				PRODUCT_BUNDLE_IDENTIFIER = net.k3tzr.xAPITester;
				PRODUCT_NAME = "$(TARGET_NAME)";
				SWIFT_OPTIMIZATION_LEVEL = "-Onone";
				SWIFT_VERSION = 5.0;
				VERSIONING_SYSTEM = "";
				VERSION_INFO_PREFIX = v;
			};
			name = Debug;
		};
		9196149823D1372E0069AE94 /* Release */ = {
			isa = XCBuildConfiguration;
			buildSettings = {
				ASSETCATALOG_COMPILER_APPICON_NAME = AppIcon;
				CLANG_ENABLE_MODULES = YES;
				CODE_SIGN_ENTITLEMENTS = xAPITester/xAPITester.entitlements;
				CODE_SIGN_IDENTITY = "-";
				CODE_SIGN_STYLE = Automatic;
				COMBINE_HIDPI_IMAGES = YES;
				CURRENT_PROJECT_VERSION = 1;
				DEVELOPMENT_TEAM = EE5B8TYXGA;
				ENABLE_HARDENED_RUNTIME = YES;
				FRAMEWORK_SEARCH_PATHS = (
					"$(inherited)",
					"$(PROJECT_DIR)",
				);
				INFOPLIST_FILE = xAPITester/Info.plist;
				LD_RUNPATH_SEARCH_PATHS = (
					"$(inherited)",
					"@executable_path/../Frameworks",
				);
				MACOSX_DEPLOYMENT_TARGET = 10.11;
				MARKETING_VERSION = 1.1.9;
				PRODUCT_BUNDLE_IDENTIFIER = net.k3tzr.xAPITester;
				PRODUCT_NAME = "$(TARGET_NAME)";
				SWIFT_VERSION = 5.0;
				VERSIONING_SYSTEM = "";
				VERSION_INFO_PREFIX = v;
			};
			name = Release;
		};
/* End XCBuildConfiguration section */

/* Begin XCConfigurationList section */
		9196148123D1372D0069AE94 /* Build configuration list for PBXProject "xAPITester" */ = {
			isa = XCConfigurationList;
			buildConfigurations = (
				9196149423D1372E0069AE94 /* Debug */,
				9196149523D1372E0069AE94 /* Release */,
			);
			defaultConfigurationIsVisible = 0;
			defaultConfigurationName = Release;
		};
		9196149623D1372E0069AE94 /* Build configuration list for PBXNativeTarget "xAPITester" */ = {
			isa = XCConfigurationList;
			buildConfigurations = (
				9196149723D1372E0069AE94 /* Debug */,
				9196149823D1372E0069AE94 /* Release */,
			);
			defaultConfigurationIsVisible = 0;
			defaultConfigurationName = Release;
		};
/* End XCConfigurationList section */

/* Begin XCRemoteSwiftPackageReference section */
		917AAA8023D5EDAE0082FAEB /* XCRemoteSwiftPackageReference "xLib6000" */ = {
			isa = XCRemoteSwiftPackageReference;
			repositoryURL = "https://github.com/K3TZR/xLib6000.git";
			requirement = {
				kind = exactVersion;
				version = 1.3.3;
			};
		};
		917AAA8323D5EDC80082FAEB /* XCRemoteSwiftPackageReference "XCGLogger" */ = {
			isa = XCRemoteSwiftPackageReference;
			repositoryURL = "https://github.com/DaveWoodCom/XCGLogger.git";
			requirement = {
				kind = upToNextMajorVersion;
				minimumVersion = 7.0.0;
			};
		};
		917AAA8823D5EDFA0082FAEB /* XCRemoteSwiftPackageReference "SwiftyUserDefaults" */ = {
			isa = XCRemoteSwiftPackageReference;
			repositoryURL = "https://github.com/sunshinejr/SwiftyUserDefaults.git";
			requirement = {
				kind = upToNextMajorVersion;
				minimumVersion = 5.0.0;
			};
		};
/* End XCRemoteSwiftPackageReference section */

/* Begin XCSwiftPackageProductDependency section */
		917AAA8123D5EDAE0082FAEB /* xLib6000 */ = {
			isa = XCSwiftPackageProductDependency;
			package = 917AAA8023D5EDAE0082FAEB /* XCRemoteSwiftPackageReference "xLib6000" */;
			productName = xLib6000;
		};
		917AAA8423D5EDC80082FAEB /* ObjcExceptionBridging */ = {
			isa = XCSwiftPackageProductDependency;
			package = 917AAA8323D5EDC80082FAEB /* XCRemoteSwiftPackageReference "XCGLogger" */;
			productName = ObjcExceptionBridging;
		};
		917AAA8623D5EDC80082FAEB /* XCGLogger */ = {
			isa = XCSwiftPackageProductDependency;
			package = 917AAA8323D5EDC80082FAEB /* XCRemoteSwiftPackageReference "XCGLogger" */;
			productName = XCGLogger;
		};
		917AAA8923D5EDFA0082FAEB /* SwiftyUserDefaults */ = {
			isa = XCSwiftPackageProductDependency;
			package = 917AAA8823D5EDFA0082FAEB /* XCRemoteSwiftPackageReference "SwiftyUserDefaults" */;
			productName = SwiftyUserDefaults;
		};
/* End XCSwiftPackageProductDependency section */
	};
	rootObject = 9196147E23D1372D0069AE94 /* Project object */;
}
